GEM
  remote: https://rubygems.org/
  specs:
    addressable (2.3.5)
    akami (1.2.0)
      gyoku (>= 0.4.0)
      nokogiri (>= 1.4.0)
    builder (3.2.2)
    crack (0.4.1)
      safe_yaml (~> 0.9.0)
    gyoku (1.1.0)
      builder (>= 2.1.2)
    httpi (2.1.0)
      rack
      rubyntlm (~> 0.3.2)
    nokogiri (1.5.10)
    nori (2.3.0)
    rack (1.5.2)
    rubyntlm (0.3.4)
    safe_yaml (0.9.7)
    savon (2.3.0)
      akami (~> 1.2.0)
      builder (>= 2.1.2)
      gyoku (~> 1.1.0)
      httpi (~> 2.1.0)
      nokogiri (>= 1.4.0, < 1.6)
      nori (~> 2.3.0)
      wasabi (~> 3.2.0)
    wasabi (3.2.0)
      httpi (~> 2.0)
      nokogiri (>= 1.4.0, < 1.6)
    webmock (1.15.2)
      addressable (>= 2.2.7)
      crack (>= 0.3.2)

PLATFORMS
  ruby

DEPENDENCIES
  rack
  savon (~> 2.3)
  webmock
